
Microsoft Visual Studio Solution File, Format Version 12.00
# Visual Studio Version 17
VisualStudioVersion = 17.2.32516.85
MinimumVisualStudioVersion = 10.0.40219.1
Project("{9A19103F-16F7-4668-BE54-9A1E7A4F7556}") = "ServerLoginApp", "ServerLoginApp\ServerLoginApp.csproj", "{702DEE9C-CC9C-47D7-A19F-7C0C0FD0D13E}"
EndProject
Global
	GlobalSection(SolutionConfigurationPlatforms) = preSolution
		Debug|Any CPU = Debug|Any CPU
		Release|Any CPU = Release|Any CPU
	EndGlobalSection
	GlobalSection(ProjectConfigurationPlatforms) = postSolution
		{702DEE9C-CC9C-47D7-A19F-7C0C0FD0D13E}.Debug|Any CPU.ActiveCfg = Debug|Any CPU
		{702DEE9C-CC9C-47D7-A19F-7C0C0FD0D13E}.Debug|Any CPU.Build.0 = Debug|Any CPU
		{702DEE9C-CC9C-47D7-A19F-7C0C0FD0D13E}.Release|Any CPU.ActiveCfg = Release|Any CPU
		{702DEE9C-CC9C-47D7-A19F-7C0C0FD0D13E}.Release|Any CPU.Build.0 = Release|Any CPU
	EndGlobalSection
	GlobalSection(SolutionProperties) = preSolution
		HideSolutionNode = FALSE
	EndGlobalSection
	GlobalSection(ExtensibilityGlobals) = postSolution
		SolutionGuid = {DD7B93A0-E99C-4407-AE63-41C37382FDBE}
	EndGlobalSection
EndGlobal
